
Microsoft Visual Studio Solution File, Format Version 12.00
# Visual Studio 15
VisualStudioVersion = 15.0.28307.645
MinimumVisualStudioVersion = 10.0.40219.1
Project("{FAE04EC0-301F-11D3-BF4B-00C04F79EFBC}") = "cs_dxliuyan", "cs_dxliuyan\cs_dxliuyan.csproj", "{24FA1656-C3E0-42C9-8AD0-EBD610C223BE}"
EndProject
Global
	GlobalSection(SolutionConfigurationPlatforms) = preSolution
		Debug|Any CPU = Debug|Any CPU
		Release|Any CPU = Release|Any CPU
	EndGlobalSection
	GlobalSection(ProjectConfigurationPlatforms) = postSolution
		{24FA1656-C3E0-42C9-8AD0-EBD610C223BE}.Debug|Any CPU.ActiveCfg = Debug|Any CPU
		{24FA1656-C3E0-42C9-8AD0-EBD610C223BE}.Debug|Any CPU.Build.0 = Debug|Any CPU
		{24FA1656-C3E0-42C9-8AD0-EBD610C223BE}.Release|Any CPU.ActiveCfg = Release|Any CPU
		{24FA1656-C3E0-42C9-8AD0-EBD610C223BE}.Release|Any CPU.Build.0 = Release|Any CPU
	EndGlobalSection
	GlobalSection(SolutionProperties) = preSolution
		HideSolutionNode = FALSE
	EndGlobalSection
	GlobalSection(ExtensibilityGlobals) = postSolution
		SolutionGuid = {8CD68985-87A8-4475-88C6-8884878C7273}
	EndGlobalSection
EndGlobal
